<?xml version="1.0" encoding="utf-8"?>
<Project ToolsVersion="4.0" xmlns="http://schemas.microsoft.com/developer/msbuild/2003">
  <ItemGroup>
    <Filter Include="Objects">
      <UniqueIdentifier>{83ee82e2-1732-4bdf-a1de-46a808d314cb}</UniqueIdentifier>
    </Filter>
    <Filter Include="Objects\Mario">
      <UniqueIdentifier>{9d970086-c10d-40b2-9de3-bfa8e9f0c21b}</UniqueIdentifier>
    </Filter>
    <Filter Include="Objects\Brick">
      <UniqueIdentifier>{29d9fbad-a305-4875-a258-a469dfe5ea9c}</UniqueIdentifier>
    </Filter>
    <Filter Include="Objects\Goomba">
      <UniqueIdentifier>{83cef783-4e07-4b7f-9c38-5e5bb58f5650}</UniqueIdentifier>
    </Filter>
    <Filter Include="Objects\Portal">
      <UniqueIdentifier>{820bb6b6-30eb-42f1-8ec6-027f7e21b577}</UniqueIdentifier>
    </Filter>
    <Filter Include="Objects\Tube">
      <UniqueIdentifier>{94df0891-8a91-4648-b953-a2a42b1099c8}</UniqueIdentifier>
    </Filter>
    <Filter Include="Objects\ColoredBlock">
      <UniqueIdentifier>{3fc47f76-3260-43c1-8579-9a4a8f6fa394}</UniqueIdentifier>
    </Filter>
    <Filter Include="Objects\QuestionBrick">
      <UniqueIdentifier>{b995e059-157a-4d5d-a47a-8fda4e55b1ea}</UniqueIdentifier>
    </Filter>
    <Filter Include="Objects\SquareBrick">
      <UniqueIdentifier>{53a71e3a-f53f-4fda-a110-d7d2b25b62ea}</UniqueIdentifier>
    </Filter>
    <Filter Include="Objects\Coin">
      <UniqueIdentifier>{ad1b7242-0a7e-4409-94c9-d1c71ef7dc4f}</UniqueIdentifier>
    </Filter>
    <Filter Include="UI Components">
      <UniqueIdentifier>{6c1f9169-9043-4251-80bb-ba1d7c1174b4}</UniqueIdentifier>
    </Filter>
    <Filter Include="UI Components\Sprites">
      <UniqueIdentifier>{4bcdda81-0d77-4391-9a5c-0d2e057144a3}</UniqueIdentifier>
    </Filter>
    <Filter Include="Objects\Background">
      <UniqueIdentifier>{3686b4d5-4d71-467b-a098-6a78c1af7d81}</UniqueIdentifier>
    </Filter>
    <Filter Include="UI Components\Animations">
      <UniqueIdentifier>{12921481-ed71-48b7-bc33-a3214d0c8195}</UniqueIdentifier>
    </Filter>
    <Filter Include="UI Components\Textures">
      <UniqueIdentifier>{bebd33ab-cc01-4d2a-8c35-524fe851c2ed}</UniqueIdentifier>
    </Filter>
    <Filter Include="Game Manager">
      <UniqueIdentifier>{042dc947-f82b-45ee-904d-f0903ae3163b}</UniqueIdentifier>
    </Filter>
    <Filter Include="Game Manager\Game">
      <UniqueIdentifier>{f868157a-3bf3-4f75-801d-0d13fce5f74d}</UniqueIdentifier>
    </Filter>
    <Filter Include="Game Manager\Scence">
      <UniqueIdentifier>{3d456c7c-3453-46ec-87e0-2603c9d74d75}</UniqueIdentifier>
    </Filter>
    <Filter Include="Game Manager\Scence\PlayScene">
      <UniqueIdentifier>{7840df4b-8b61-429f-aa7d-6b0470bba8f9}</UniqueIdentifier>
    </Filter>
    <Filter Include="Game Manager\Utils">
      <UniqueIdentifier>{b756dab2-c4f9-45ea-b37f-54fc37c4b843}</UniqueIdentifier>
    </Filter>
    <Filter Include="Objects\GroundBricks">
      <UniqueIdentifier>{02fe5a4e-1be0-4653-9eff-ea216beace4e}</UniqueIdentifier>
    </Filter>
    <Filter Include="Objects\Mushroom">
      <UniqueIdentifier>{4905c670-437e-491d-adac-d0f087829809}</UniqueIdentifier>
    </Filter>
    <Filter Include="Objects\Bullet">
      <UniqueIdentifier>{eb8af6d0-b85e-44e9-b1ec-d37339877831}</UniqueIdentifier>
    </Filter>
    <Filter Include="Objects\TubeEnemy">
      <UniqueIdentifier>{39e7d325-4a4f-4b60-97ae-c80f7d961e70}</UniqueIdentifier>
    </Filter>
    <Filter Include="Objects\TubeEnemy\PiranhaPlant">
      <UniqueIdentifier>{97fd2a72-e373-40a5-bba3-30509104f14b}</UniqueIdentifier>
    </Filter>
    <Filter Include="Objects\TubeEnemy\FireTrap">
      <UniqueIdentifier>{7e62c6de-cfb4-4dfd-b48a-86bdd317b039}</UniqueIdentifier>
    </Filter>
    <Filter Include="Objects\TubeEnemy\FireTrap\ShortFireTrap">
      <UniqueIdentifier>{d8cb3c5d-d272-4f50-b271-de8a4b035546}</UniqueIdentifier>
    </Filter>
    <Filter Include="Objects\TubeEnemy\FireTrap\VenusFireTrap">
      <UniqueIdentifier>{81485a8f-61f0-4ed9-8e20-45059adcd078}</UniqueIdentifier>
    </Filter>
    <Filter Include="Objects\Fireball">
      <UniqueIdentifier>{d355fcdd-d3c1-4c91-a21d-fb73236c5545}</UniqueIdentifier>
    </Filter>
    <Filter Include="Objects\HUD">
      <UniqueIdentifier>{c5cc99ce-37a2-496e-81f3-75067270e37d}</UniqueIdentifier>
    </Filter>
    <Filter Include="Objects\Number">
      <UniqueIdentifier>{98579ec9-10c3-403d-b379-c8b7ddc37a33}</UniqueIdentifier>
    </Filter>
    <Filter Include="Objects\Letter">
      <UniqueIdentifier>{36439fa6-cc6c-46a0-9d3b-184ba9f3ace7}</UniqueIdentifier>
    </Filter>
    <Filter Include="Objects\PowerObject">
      <UniqueIdentifier>{b90a3096-3944-464b-aa52-71acd13a7c07}</UniqueIdentifier>
    </Filter>
    <Filter Include="Objects\PowerObject\PowerSign">
      <UniqueIdentifier>{a67a83e2-a4e9-4c18-b4d2-5738246efcc8}</UniqueIdentifier>
    </Filter>
    <Filter Include="Objects\PowerObject\PowerArrow">
      <UniqueIdentifier>{28efaa92-74f8-4111-a6d7-95851eb55326}</UniqueIdentifier>
    </Filter>
    <Filter Include="Objects\Leaf">
      <UniqueIdentifier>{8044c4ad-3c5e-4f77-a36e-fe181765895a}</UniqueIdentifier>
    </Filter>
    <Filter Include="Objects\Koopa">
      <UniqueIdentifier>{dcdb3a4c-0571-4029-a116-d6eafe2625d6}</UniqueIdentifier>
    </Filter>
    <Filter Include="Objects\BrickFragment">
      <UniqueIdentifier>{24d1ded9-3dbe-47c3-a612-ae364d9b0965}</UniqueIdentifier>
    </Filter>
    <Filter Include="Game Manager\Resources">
      <UniqueIdentifier>{a938b1ca-c069-4179-ba50-6225261db124}</UniqueIdentifier>
    </Filter>
    <Filter Include="Game Manager\Scence\IntroScene">
      <UniqueIdentifier>{bfe9ba40-e0a2-4f86-84af-ac2fb09625e1}</UniqueIdentifier>
    </Filter>
    <Filter Include="Game Manager\Scence\PlayScene\PlayZone">
      <UniqueIdentifier>{7aa82985-bab5-4f88-8ecc-cf2b9d009b30}</UniqueIdentifier>
    </Filter>
    <Filter Include="UI Components\Tilemap">
      <UniqueIdentifier>{1ba79cd5-3f27-46b7-b8d4-71efd28f495e}</UniqueIdentifier>
    </Filter>
    <Filter Include="Game Manager\Camera">
      <UniqueIdentifier>{d6ef6192-dc33-4792-b10b-975ddea569ad}</UniqueIdentifier>
    </Filter>
    <Filter Include="Objects\Score">
      <UniqueIdentifier>{f2b2dc8e-847e-4191-8679-ec16e0f2da10}</UniqueIdentifier>
    </Filter>
    <Filter Include="Objects\IntroObjects">
      <UniqueIdentifier>{751c665e-1384-4380-acf1-0a0e64c7eb66}</UniqueIdentifier>
    </Filter>
    <Filter Include="Objects\IntroObjects\Curtain">
      <UniqueIdentifier>{580f2e55-ad5a-4c4d-866a-cbd28b9bfe36}</UniqueIdentifier>
    </Filter>
    <Filter Include="Objects\IntroObjects\Title">
      <UniqueIdentifier>{61abbf97-4966-46ce-ad53-8e4dc64c13a4}</UniqueIdentifier>
    </Filter>
    <Filter Include="Game Manager\Scence\IntroScene\IntroEvent">
      <UniqueIdentifier>{fff6dcf9-59e8-4bed-bb82-9ddfa3d2c10b}</UniqueIdentifier>
    </Filter>
    <Filter Include="Objects\IntroObjects\IntroOptions">
      <UniqueIdentifier>{218e6fc6-b081-463e-a71d-08642007e2d5}</UniqueIdentifier>
    </Filter>
    <Filter Include="Game Manager\Scence\MapScene">
      <UniqueIdentifier>{06e345a1-c92f-464a-a582-7fa2d713dc2b}</UniqueIdentifier>
    </Filter>
    <Filter Include="Game Manager\Scence\MapScene\MapNode">
      <UniqueIdentifier>{cda686f7-1d9d-45c6-b8f7-b8e8f367f688}</UniqueIdentifier>
    </Filter>
    <Filter Include="Objects\MapObjects">
      <UniqueIdentifier>{d8a70be1-adc4-423d-b672-fbbbbae1fee2}</UniqueIdentifier>
    </Filter>
    <Filter Include="Objects\MapObjects\MapGate">
      <UniqueIdentifier>{6de6637f-df1a-4629-a5df-8ccc150d3bba}</UniqueIdentifier>
    </Filter>
    <Filter Include="Objects\MapObjects\MapMario">
      <UniqueIdentifier>{ea3797b3-b53d-401e-a504-b80188a14ee4}</UniqueIdentifier>
    </Filter>
    <Filter Include="Objects\MapObjects\MapGrass">
      <UniqueIdentifier>{5162ecec-e1ac-4169-8f4c-887a00e7e2b2}</UniqueIdentifier>
    </Filter>
    <Filter Include="Game Manager\Grid">
      <UniqueIdentifier>{94230053-f27e-41f6-b3da-a526b74efe23}</UniqueIdentifier>
    </Filter>
    <Filter Include="Objects\HUD\Scoreboard">
      <UniqueIdentifier>{df034a8d-1edd-4360-be36-bb7687292d94}</UniqueIdentifier>
    </Filter>
    <Filter Include="Objects\HUD\Card">
      <UniqueIdentifier>{25bbb7bb-ebc0-4c13-a1ef-ccabb2149193}</UniqueIdentifier>
    </Filter>
    <Filter Include="Objects\Reward">
      <UniqueIdentifier>{5d3cb14d-6392-4eb1-a6c1-7bb8658664d4}</UniqueIdentifier>
    </Filter>
    <Filter Include="Objects\MapObjects\GameOverBox">
      <UniqueIdentifier>{95b26504-f3e0-40c2-a5c5-28d5285a442e}</UniqueIdentifier>
    </Filter>
    <Filter Include="Objects\MapObjects\WelcomeBox">
      <UniqueIdentifier>{776f60a6-1736-461e-83cf-c9a0475e07de}</UniqueIdentifier>
    </Filter>
    <Filter Include="Objects\MapObjects\StartCircle">
      <UniqueIdentifier>{9ce8c3b9-c849-420d-a381-6473861d3374}</UniqueIdentifier>
    </Filter>
    <Filter Include="Objects\Beetle">
      <UniqueIdentifier>{6c4fb957-1e73-4877-a4e0-8679b6056ea3}</UniqueIdentifier>
    </Filter>
    <Filter Include="Objects\IntroObjects\IntroTree">
      <UniqueIdentifier>{d3e9f45d-2521-4245-a19b-4b76ec66650d}</UniqueIdentifier>
    </Filter>
  </ItemGroup>
  <ItemGroup>
    <ClCompile Include="GameObject.cpp">
      <Filter>Objects</Filter>
    </ClCompile>
    <ClCompile Include="Mario.cpp">
      <Filter>Objects\Mario</Filter>
    </ClCompile>
    <ClCompile Include="Brick.cpp">
      <Filter>Objects\Brick</Filter>
    </ClCompile>
    <ClCompile Include="Goomba.cpp">
      <Filter>Objects\Goomba</Filter>
    </ClCompile>
    <ClCompile Include="Portal.cpp">
      <Filter>Objects\Portal</Filter>
    </ClCompile>
    <ClCompile Include="Tube.cpp">
      <Filter>Objects\Tube</Filter>
    </ClCompile>
    <ClCompile Include="ColoredBlock.cpp">
      <Filter>Objects\ColoredBlock</Filter>
    </ClCompile>
    <ClCompile Include="QuestionBrick.cpp">
      <Filter>Objects\QuestionBrick</Filter>
    </ClCompile>
    <ClCompile Include="SquareBrick.cpp">
      <Filter>Objects\SquareBrick</Filter>
    </ClCompile>
    <ClCompile Include="Coin.cpp">
      <Filter>Objects\Coin</Filter>
    </ClCompile>
    <ClCompile Include="Game.cpp">
      <Filter>Game Manager\Game</Filter>
    </ClCompile>
    <ClCompile Include="Animations.cpp">
      <Filter>UI Components\Animations</Filter>
    </ClCompile>
    <ClCompile Include="Background.cpp">
      <Filter>Objects\Background</Filter>
    </ClCompile>
    <ClCompile Include="Sprites.cpp">
      <Filter>UI Components\Sprites</Filter>
    </ClCompile>
    <ClCompile Include="Textures.cpp">
      <Filter>UI Components\Textures</Filter>
    </ClCompile>
    <ClCompile Include="main.cpp">
      <Filter>Game Manager</Filter>
    </ClCompile>
    <ClCompile Include="Utils.cpp">
      <Filter>Game Manager\Utils</Filter>
    </ClCompile>
    <ClCompile Include="GroundBricks.cpp">
      <Filter>Objects\GroundBricks</Filter>
    </ClCompile>
    <ClCompile Include="Mushroom.cpp">
      <Filter>Objects\Mushroom</Filter>
    </ClCompile>
    <ClCompile Include="VenusFireTrap.cpp">
      <Filter>Objects\TubeEnemy\FireTrap\VenusFireTrap</Filter>
    </ClCompile>
    <ClCompile Include="Bullet.cpp">
      <Filter>Objects\Bullet</Filter>
    </ClCompile>
    <ClCompile Include="PiranhaPlant.cpp">
      <Filter>Objects\TubeEnemy\PiranhaPlant</Filter>
    </ClCompile>
    <ClCompile Include="TubeEnemy.cpp">
      <Filter>Objects\TubeEnemy</Filter>
    </ClCompile>
    <ClCompile Include="ShortFireTrap.cpp">
      <Filter>Objects\TubeEnemy\FireTrap\ShortFireTrap</Filter>
    </ClCompile>
    <ClCompile Include="FireTrap.cpp">
      <Filter>Objects\TubeEnemy\FireTrap</Filter>
    </ClCompile>
    <ClCompile Include="Fireball.cpp">
      <Filter>Objects\Fireball</Filter>
    </ClCompile>
    <ClCompile Include="HUD.cpp">
      <Filter>Objects\HUD</Filter>
    </ClCompile>
    <ClCompile Include="Scoreboard.cpp">
      <Filter>Objects\HUD\Scoreboard</Filter>
    </ClCompile>
    <ClCompile Include="Number.cpp">
      <Filter>Objects\Number</Filter>
    </ClCompile>
    <ClCompile Include="PowerArrow.cpp">
      <Filter>Objects\PowerObject\PowerArrow</Filter>
    </ClCompile>
    <ClCompile Include="PowerSign.cpp">
      <Filter>Objects\PowerObject\PowerSign</Filter>
    </ClCompile>
    <ClCompile Include="PowerObject.cpp">
      <Filter>Objects\PowerObject</Filter>
    </ClCompile>
    <ClCompile Include="Leaf.cpp">
      <Filter>Objects\Leaf</Filter>
    </ClCompile>
    <ClCompile Include="Koopa.cpp">
      <Filter>Objects\Koopa</Filter>
    </ClCompile>
    <ClCompile Include="BrickFragment.cpp">
      <Filter>Objects\BrickFragment</Filter>
    </ClCompile>
    <ClCompile Include="Tilemap.cpp">
      <Filter>UI Components\Tilemap</Filter>
    </ClCompile>
    <ClCompile Include="Resources.cpp">
      <Filter>Game Manager\Resources</Filter>
    </ClCompile>
    <ClCompile Include="IntroScene.cpp">
      <Filter>Game Manager\Scence\IntroScene</Filter>
    </ClCompile>
    <ClCompile Include="Camera.cpp">
      <Filter>Game Manager\Camera</Filter>
    </ClCompile>
    <ClCompile Include="PlayZone.cpp">
      <Filter>Game Manager\Scence\PlayScene\PlayZone</Filter>
    </ClCompile>
    <ClCompile Include="Score.cpp">
      <Filter>Objects\Score</Filter>
    </ClCompile>
    <ClCompile Include="Curtain.cpp">
      <Filter>Objects\IntroObjects\Curtain</Filter>
    </ClCompile>
    <ClCompile Include="Title.cpp">
      <Filter>Objects\IntroObjects\Title</Filter>
    </ClCompile>
    <ClCompile Include="IntroEvent.cpp">
      <Filter>Game Manager\Scence\IntroScene\IntroEvent</Filter>
    </ClCompile>
    <ClCompile Include="IntroOptions.cpp">
      <Filter>Objects\IntroObjects\IntroOptions</Filter>
    </ClCompile>
    <ClCompile Include="MapScene.cpp">
      <Filter>Game Manager\Scence\MapScene</Filter>
    </ClCompile>
    <ClCompile Include="MapNode.cpp">
      <Filter>Game Manager\Scence\MapScene\MapNode</Filter>
    </ClCompile>
    <ClCompile Include="MapGate.cpp">
      <Filter>Objects\MapObjects\MapGate</Filter>
    </ClCompile>
    <ClCompile Include="MapMario.cpp">
      <Filter>Objects\MapObjects\MapMario</Filter>
    </ClCompile>
    <ClCompile Include="MapGrass.cpp">
      <Filter>Objects\MapObjects\MapGrass</Filter>
    </ClCompile>
    <ClCompile Include="Grid.cpp">
      <Filter>Game Manager\Grid</Filter>
    </ClCompile>
    <ClCompile Include="Scene.cpp">
      <Filter>Game Manager\Scence</Filter>
    </ClCompile>
    <ClCompile Include="PlayScene.cpp">
      <Filter>Game Manager\Scence\PlayScene</Filter>
    </ClCompile>
    <ClCompile Include="Card.cpp">
      <Filter>Objects\HUD\Card</Filter>
    </ClCompile>
    <ClCompile Include="Reward.cpp">
      <Filter>Objects\Reward</Filter>
    </ClCompile>
    <ClCompile Include="Letter.cpp">
      <Filter>Objects\Letter</Filter>
    </ClCompile>
    <ClCompile Include="GameOverBox.cpp">
      <Filter>Objects\MapObjects\GameOverBox</Filter>
    </ClCompile>
    <ClCompile Include="WelcomeBox.cpp">
      <Filter>Objects\MapObjects\WelcomeBox</Filter>
    </ClCompile>
    <ClCompile Include="StarCircle.cpp">
      <Filter>Objects\MapObjects\StartCircle</Filter>
    </ClCompile>
    <ClCompile Include="Beetle.cpp">
      <Filter>Objects\Beetle</Filter>
    </ClCompile>
    <ClCompile Include="IntroTree.cpp">
      <Filter>Objects\IntroObjects\IntroTree</Filter>
    </ClCompile>
  </ItemGroup>
  <ItemGroup>
    <ClInclude Include="GameObject.h">
      <Filter>Objects</Filter>
    </ClInclude>
    <ClInclude Include="Mario.h">
      <Filter>Objects\Mario</Filter>
    </ClInclude>
    <ClInclude Include="Brick.h">
      <Filter>Objects\Brick</Filter>
    </ClInclude>
    <ClInclude Include="Goomba.h">
      <Filter>Objects\Goomba</Filter>
    </ClInclude>
    <ClInclude Include="Portal.h">
      <Filter>Objects\Portal</Filter>
    </ClInclude>
    <ClInclude Include="Tube.h">
      <Filter>Objects\Tube</Filter>
    </ClInclude>
    <ClInclude Include="ColoredBlock.h">
      <Filter>Objects\ColoredBlock</Filter>
    </ClInclude>
    <ClInclude Include="QuestionBrick.h">
      <Filter>Objects\QuestionBrick</Filter>
    </ClInclude>
    <ClInclude Include="SquareBrick.h">
      <Filter>Objects\SquareBrick</Filter>
    </ClInclude>
    <ClInclude Include="Coin.h">
      <Filter>Objects\Coin</Filter>
    </ClInclude>
    <ClInclude Include="Game.h">
      <Filter>Game Manager\Game</Filter>
    </ClInclude>
    <ClInclude Include="Animations.h">
      <Filter>UI Components\Animations</Filter>
    </ClInclude>
    <ClInclude Include="Background.h">
      <Filter>Objects\Background</Filter>
    </ClInclude>
    <ClInclude Include="Sprites.h">
      <Filter>UI Components\Sprites</Filter>
    </ClInclude>
    <ClInclude Include="Textures.h">
      <Filter>UI Components\Textures</Filter>
    </ClInclude>
    <ClInclude Include="KeyEventHandler.h">
      <Filter>Game Manager</Filter>
    </ClInclude>
    <ClInclude Include="Utils.h">
      <Filter>Game Manager\Utils</Filter>
    </ClInclude>
    <ClInclude Include="GroundBricks.h">
      <Filter>Objects\GroundBricks</Filter>
    </ClInclude>
    <ClInclude Include="Mushroom.h">
      <Filter>Objects\Mushroom</Filter>
    </ClInclude>
    <ClInclude Include="VenusFireTrap.h">
      <Filter>Objects\TubeEnemy\FireTrap\VenusFireTrap</Filter>
    </ClInclude>
    <ClInclude Include="Bullet.h">
      <Filter>Objects\Bullet</Filter>
    </ClInclude>
    <ClInclude Include="PiranhaPlant.h">
      <Filter>Objects\TubeEnemy\PiranhaPlant</Filter>
    </ClInclude>
    <ClInclude Include="TubeEnemy.h">
      <Filter>Objects\TubeEnemy</Filter>
    </ClInclude>
    <ClInclude Include="ShortFireTrap.h">
      <Filter>Objects\TubeEnemy\FireTrap\ShortFireTrap</Filter>
    </ClInclude>
    <ClInclude Include="FireTrap.h">
      <Filter>Objects\TubeEnemy\FireTrap</Filter>
    </ClInclude>
    <ClInclude Include="Fireball.h">
      <Filter>Objects\Fireball</Filter>
    </ClInclude>
    <ClInclude Include="HUD.h">
      <Filter>Objects\HUD</Filter>
    </ClInclude>
    <ClInclude Include="Scoreboard.h">
      <Filter>Objects\HUD\Scoreboard</Filter>
    </ClInclude>
    <ClInclude Include="Number.h">
      <Filter>Objects\Number</Filter>
    </ClInclude>
    <ClInclude Include="PowerArrow.h">
      <Filter>Objects\PowerObject\PowerArrow</Filter>
    </ClInclude>
    <ClInclude Include="PowerSign.h">
      <Filter>Objects\PowerObject\PowerSign</Filter>
    </ClInclude>
    <ClInclude Include="PowerObject.h">
      <Filter>Objects\PowerObject</Filter>
    </ClInclude>
    <ClInclude Include="Leaf.h">
      <Filter>Objects\Leaf</Filter>
    </ClInclude>
    <ClInclude Include="Koopa.h">
      <Filter>Objects\Koopa</Filter>
    </ClInclude>
    <ClInclude Include="BrickFragment.h">
      <Filter>Objects\BrickFragment</Filter>
    </ClInclude>
    <ClInclude Include="Tilemap.h">
      <Filter>UI Components\Tilemap</Filter>
    </ClInclude>
    <ClInclude Include="Resources.h">
      <Filter>Game Manager\Resources</Filter>
    </ClInclude>
    <ClInclude Include="IntroScene.h">
      <Filter>Game Manager\Scence\IntroScene</Filter>
    </ClInclude>
    <ClInclude Include="PlayZone.h">
      <Filter>Game Manager\Scence\PlayScene\PlayZone</Filter>
    </ClInclude>
    <ClInclude Include="Camera.h">
      <Filter>Game Manager\Camera</Filter>
    </ClInclude>
    <ClInclude Include="Score.h">
      <Filter>Objects\Score</Filter>
    </ClInclude>
    <ClInclude Include="Curtain.h">
      <Filter>Objects\IntroObjects\Curtain</Filter>
    </ClInclude>
    <ClInclude Include="Title.h">
      <Filter>Objects\IntroObjects\Title</Filter>
    </ClInclude>
    <ClInclude Include="IntroEvent.h">
      <Filter>Game Manager\Scence\IntroScene\IntroEvent</Filter>
    </ClInclude>
    <ClInclude Include="IntroOptions.h">
      <Filter>Objects\IntroObjects\IntroOptions</Filter>
    </ClInclude>
    <ClInclude Include="MapScene.h">
      <Filter>Game Manager\Scence\MapScene</Filter>
    </ClInclude>
    <ClInclude Include="MapNode.h">
      <Filter>Game Manager\Scence\MapScene\MapNode</Filter>
    </ClInclude>
    <ClInclude Include="MapGate.h">
      <Filter>Objects\MapObjects\MapGate</Filter>
    </ClInclude>
    <ClInclude Include="MapMario.h">
      <Filter>Objects\MapObjects\MapMario</Filter>
    </ClInclude>
    <ClInclude Include="MapGrass.h">
      <Filter>Objects\MapObjects\MapGrass</Filter>
    </ClInclude>
    <ClInclude Include="Grid.h">
      <Filter>Game Manager\Grid</Filter>
    </ClInclude>
    <ClInclude Include="Scene.h">
      <Filter>Game Manager\Scence</Filter>
    </ClInclude>
    <ClInclude Include="PlayScene.h">
      <Filter>Game Manager\Scence\PlayScene</Filter>
    </ClInclude>
    <ClInclude Include="Card.h">
      <Filter>Objects\HUD\Card</Filter>
    </ClInclude>
    <ClInclude Include="Reward.h">
      <Filter>Objects\Reward</Filter>
    </ClInclude>
    <ClInclude Include="Letter.h">
      <Filter>Objects\Letter</Filter>
    </ClInclude>
    <ClInclude Include="GameOverBox.h">
      <Filter>Objects\MapObjects\GameOverBox</Filter>
    </ClInclude>
    <ClInclude Include="WelcomeBox.h">
      <Filter>Objects\MapObjects\WelcomeBox</Filter>
    </ClInclude>
    <ClInclude Include="StarCircle.h">
      <Filter>Objects\MapObjects\StartCircle</Filter>
    </ClInclude>
    <ClInclude Include="Beetle.h">
      <Filter>Objects\Beetle</Filter>
    </ClInclude>
    <ClInclude Include="IntroTree.h">
      <Filter>Objects\IntroObjects\IntroTree</Filter>
    </ClInclude>
  </ItemGroup>
</Project>