<?xml version="1.0" encoding="utf-8"?>
<Project ToolsVersion="4.0" xmlns="http://schemas.microsoft.com/developer/msbuild/2003">
  <ItemGroup>
    <Filter Include="Source Files">
      <UniqueIdentifier>{4FC737F1-C7A5-4376-A066-2A32D752A2FF}</UniqueIdentifier>
      <Extensions>cpp;c;cc;cxx;c++;cppm;ixx;def;odl;idl;hpj;bat;asm;asmx</Extensions>
    </Filter>
    <Filter Include="Header Files">
      <UniqueIdentifier>{93995380-89BD-4b04-88EB-625FBE52EBFB}</UniqueIdentifier>
      <Extensions>h;hh;hpp;hxx;h++;hm;inl;inc;ipp;xsd</Extensions>
    </Filter>
    <Filter Include="Objects">
      <UniqueIdentifier>{83ee82e2-1732-4bdf-a1de-46a808d314cb}</UniqueIdentifier>
    </Filter>
    <Filter Include="Objects\Mario">
      <UniqueIdentifier>{9d970086-c10d-40b2-9de3-bfa8e9f0c21b}</UniqueIdentifier>
    </Filter>
    <Filter Include="Objects\Koopas">
      <UniqueIdentifier>{6129849d-bb72-4a03-9842-1a0a0b1198b1}</UniqueIdentifier>
    </Filter>
    <Filter Include="Objects\Brick">
      <UniqueIdentifier>{29d9fbad-a305-4875-a258-a469dfe5ea9c}</UniqueIdentifier>
    </Filter>
    <Filter Include="Objects\Goomba">
      <UniqueIdentifier>{83cef783-4e07-4b7f-9c38-5e5bb58f5650}</UniqueIdentifier>
    </Filter>
    <Filter Include="Objects\Portal">
      <UniqueIdentifier>{820bb6b6-30eb-42f1-8ec6-027f7e21b577}</UniqueIdentifier>
    </Filter>
    <Filter Include="Objects\Tube">
      <UniqueIdentifier>{94df0891-8a91-4648-b953-a2a42b1099c8}</UniqueIdentifier>
    </Filter>
    <Filter Include="Objects\ColoredBlock">
      <UniqueIdentifier>{3fc47f76-3260-43c1-8579-9a4a8f6fa394}</UniqueIdentifier>
    </Filter>
    <Filter Include="Objects\QuestionBrick">
      <UniqueIdentifier>{b995e059-157a-4d5d-a47a-8fda4e55b1ea}</UniqueIdentifier>
    </Filter>
    <Filter Include="Objects\SquareBrick">
      <UniqueIdentifier>{53a71e3a-f53f-4fda-a110-d7d2b25b62ea}</UniqueIdentifier>
    </Filter>
  </ItemGroup>
  <ItemGroup>
    <ClCompile Include="Animations.cpp">
      <Filter>Source Files</Filter>
    </ClCompile>
    <ClCompile Include="Game.cpp">
      <Filter>Source Files</Filter>
    </ClCompile>
    <ClCompile Include="main.cpp">
      <Filter>Source Files</Filter>
    </ClCompile>
    <ClCompile Include="PlayScence.cpp">
      <Filter>Source Files</Filter>
    </ClCompile>
    <ClCompile Include="Scence.cpp">
      <Filter>Source Files</Filter>
    </ClCompile>
    <ClCompile Include="Sprites.cpp">
      <Filter>Source Files</Filter>
    </ClCompile>
    <ClCompile Include="Textures.cpp">
      <Filter>Source Files</Filter>
    </ClCompile>
    <ClCompile Include="Utils.cpp">
      <Filter>Source Files</Filter>
    </ClCompile>
    <ClCompile Include="Background.cpp">
      <Filter>Source Files</Filter>
    </ClCompile>
    <ClCompile Include="GameObject.cpp">
      <Filter>Objects</Filter>
    </ClCompile>
    <ClCompile Include="Mario.cpp">
      <Filter>Objects\Mario</Filter>
    </ClCompile>
    <ClCompile Include="Koopas.cpp">
      <Filter>Objects\Koopas</Filter>
    </ClCompile>
    <ClCompile Include="Brick.cpp">
      <Filter>Objects\Brick</Filter>
    </ClCompile>
    <ClCompile Include="Goomba.cpp">
      <Filter>Objects\Goomba</Filter>
    </ClCompile>
    <ClCompile Include="Portal.cpp">
      <Filter>Objects\Portal</Filter>
    </ClCompile>
    <ClCompile Include="Tube.cpp">
      <Filter>Objects\Tube</Filter>
    </ClCompile>
    <ClCompile Include="ColoredBlock.cpp">
      <Filter>Objects\ColoredBlock</Filter>
    </ClCompile>
    <ClCompile Include="QuestionBrick.cpp">
      <Filter>Objects\QuestionBrick</Filter>
    </ClCompile>
    <ClCompile Include="SquareBrick.cpp">
      <Filter>Objects\SquareBrick</Filter>
    </ClCompile>
  </ItemGroup>
  <ItemGroup>
    <ClInclude Include="Animations.h">
      <Filter>Header Files</Filter>
    </ClInclude>
    <ClInclude Include="Game.h">
      <Filter>Header Files</Filter>
    </ClInclude>
    <ClInclude Include="KeyEventHandler.h">
      <Filter>Header Files</Filter>
    </ClInclude>
    <ClInclude Include="PlayScence.h">
      <Filter>Header Files</Filter>
    </ClInclude>
    <ClInclude Include="Scence.h">
      <Filter>Header Files</Filter>
    </ClInclude>
    <ClInclude Include="Sprites.h">
      <Filter>Header Files</Filter>
    </ClInclude>
    <ClInclude Include="Textures.h">
      <Filter>Header Files</Filter>
    </ClInclude>
    <ClInclude Include="Utils.h">
      <Filter>Header Files</Filter>
    </ClInclude>
    <ClInclude Include="Background.h">
      <Filter>Header Files</Filter>
    </ClInclude>
    <ClInclude Include="GameObject.h">
      <Filter>Objects</Filter>
    </ClInclude>
    <ClInclude Include="Mario.h">
      <Filter>Objects\Mario</Filter>
    </ClInclude>
    <ClInclude Include="Koopas.h">
      <Filter>Objects\Koopas</Filter>
    </ClInclude>
    <ClInclude Include="Brick.h">
      <Filter>Objects\Brick</Filter>
    </ClInclude>
    <ClInclude Include="Goomba.h">
      <Filter>Objects\Goomba</Filter>
    </ClInclude>
    <ClInclude Include="Portal.h">
      <Filter>Objects\Portal</Filter>
    </ClInclude>
    <ClInclude Include="Tube.h">
      <Filter>Objects\Tube</Filter>
    </ClInclude>
    <ClInclude Include="ColoredBlock.h">
      <Filter>Objects\ColoredBlock</Filter>
    </ClInclude>
    <ClInclude Include="QuestionBrick.h">
      <Filter>Objects\QuestionBrick</Filter>
    </ClInclude>
    <ClInclude Include="SquareBrick.h">
      <Filter>Objects\SquareBrick</Filter>
    </ClInclude>
  </ItemGroup>
</Project>